// !$*UTF8*$!
{
	archiveVersion = 1;
	classes = {
	};
	objectVersion = 48;
	objects = {

/* Begin PBXBuildFile section */
		C905CE4520093A4A008F9798 /* OpenVGDB.swift in Sources */ = {isa = PBXBuildFile; fileRef = C905CE4420093A4A008F9798 /* OpenVGDB.swift */; };
		C905CE4720093DBA008F9798 /* openvgdb.sqlite in Resources */ = {isa = PBXBuildFile; fileRef = C957492C200937D000E2328A /* openvgdb.sqlite */; };
		C94160CD2007EA5B008E30C1 /* GameCell.swift in Sources */ = {isa = PBXBuildFile; fileRef = C94160CC2007EA5B008E30C1 /* GameCell.swift */; };
		C94160CF2007F4A1008E30C1 /* UIView.swift in Sources */ = {isa = PBXBuildFile; fileRef = C94160CE2007F4A1008E30C1 /* UIView.swift */; };
		C94160D42007F9E4008E30C1 /* Delta.xcdatamodeld in Sources */ = {isa = PBXBuildFile; fileRef = C94160D22007F9E4008E30C1 /* Delta.xcdatamodeld */; };
		C94EDD75200A32CC004230B9 /* Pokemon - Fire Red Version (U) (V1.1).gba in Resources */ = {isa = PBXBuildFile; fileRef = C957492E2009382100E2328A /* Pokemon - Fire Red Version (U) (V1.1).gba */; };
		C94EDD7A200A35DB004230B9 /* Super Mario Advance 2 - Super Mario World (U) [!].gba in Resources */ = {isa = PBXBuildFile; fileRef = C94EDD79200A340E004230B9 /* Super Mario Advance 2 - Super Mario World (U) [!].gba */; };
		C94EDD7C200A3DF1004230B9 /* DataController.swift in Sources */ = {isa = PBXBuildFile; fileRef = C94EDD7B200A3DF1004230B9 /* DataController.swift */; };
		C94EDD7E200A43D7004230B9 /* GameLibraryController.swift in Sources */ = {isa = PBXBuildFile; fileRef = C94EDD7D200A43D7004230B9 /* GameLibraryController.swift */; };
		C9855DFD2007CF240005EC79 /* AppDelegate.swift in Sources */ = {isa = PBXBuildFile; fileRef = C9855DFC2007CF240005EC79 /* AppDelegate.swift */; };
		C9855DFF2007CF240005EC79 /* GameCollectionViewController.swift in Sources */ = {isa = PBXBuildFile; fileRef = C9855DFE2007CF240005EC79 /* GameCollectionViewController.swift */; };
		C9855E042007CF240005EC79 /* Assets.xcassets in Resources */ = {isa = PBXBuildFile; fileRef = C9855E032007CF240005EC79 /* Assets.xcassets */; };
		C9855E072007CF240005EC79 /* LaunchScreen.storyboard in Resources */ = {isa = PBXBuildFile; fileRef = C9855E052007CF240005EC79 /* LaunchScreen.storyboard */; };
		C9855E182007D1A70005EC79 /* DeltaCore.framework in Frameworks */ = {isa = PBXBuildFile; fileRef = C9855E172007D1840005EC79 /* DeltaCore.framework */; };
		C9855E192007D1A70005EC79 /* DeltaCore.framework in Embed Frameworks */ = {isa = PBXBuildFile; fileRef = C9855E172007D1840005EC79 /* DeltaCore.framework */; settings = {ATTRIBUTES = (CodeSignOnCopy, RemoveHeadersOnCopy, ); }; };
		C9855E262007D2C70005EC79 /* GBADeltaCore.framework in Frameworks */ = {isa = PBXBuildFile; fileRef = C9855E232007D2BA0005EC79 /* GBADeltaCore.framework */; };
		C9855E272007D2C70005EC79 /* GBADeltaCore.framework in Embed Frameworks */ = {isa = PBXBuildFile; fileRef = C9855E232007D2BA0005EC79 /* GBADeltaCore.framework */; settings = {ATTRIBUTES = (CodeSignOnCopy, RemoveHeadersOnCopy, ); }; };
		E5918415B879B1BE7FCBAD7F /* Pods_Delta.framework in Frameworks */ = {isa = PBXBuildFile; fileRef = F1EE83BE917A0B1A11A09481 /* Pods_Delta.framework */; };
/* End PBXBuildFile section */

/* Begin PBXContainerItemProxy section */
		C9855E162007D1840005EC79 /* PBXContainerItemProxy */ = {
			isa = PBXContainerItemProxy;
			containerPortal = C9855E112007D1840005EC79 /* DeltaCore.xcodeproj */;
			proxyType = 2;
			remoteGlobalIDString = BF46895D1AACF36800A2586D;
			remoteInfo = DeltaCore;
		};
		C9855E1A2007D1A70005EC79 /* PBXContainerItemProxy */ = {
			isa = PBXContainerItemProxy;
			containerPortal = C9855E112007D1840005EC79 /* DeltaCore.xcodeproj */;
			proxyType = 1;
			remoteGlobalIDString = BF46895C1AACF36800A2586D;
			remoteInfo = DeltaCore;
		};
		C9855E222007D2BA0005EC79 /* PBXContainerItemProxy */ = {
			isa = PBXContainerItemProxy;
			containerPortal = C9855E1D2007D2BA0005EC79 /* GBADeltaCore.xcodeproj */;
			proxyType = 2;
			remoteGlobalIDString = BFE8E9CA1D010AF7009D623D;
			remoteInfo = GBADeltaCore;
		};
		C9855E242007D2BA0005EC79 /* PBXContainerItemProxy */ = {
			isa = PBXContainerItemProxy;
			containerPortal = C9855E1D2007D2BA0005EC79 /* GBADeltaCore.xcodeproj */;
			proxyType = 2;
			remoteGlobalIDString = BF287FF21EB590F90027FC53;
			remoteInfo = "libVBA-M";
		};
		C9855E282007D2C70005EC79 /* PBXContainerItemProxy */ = {
			isa = PBXContainerItemProxy;
			containerPortal = C9855E1D2007D2BA0005EC79 /* GBADeltaCore.xcodeproj */;
			proxyType = 1;
			remoteGlobalIDString = BFE8E9C91D010AF7009D623D;
			remoteInfo = GBADeltaCore;
		};
/* End PBXContainerItemProxy section */

/* Begin PBXCopyFilesBuildPhase section */
		C9855E1C2007D1A80005EC79 /* Embed Frameworks */ = {
			isa = PBXCopyFilesBuildPhase;
			buildActionMask = 2147483647;
			dstPath = "";
			dstSubfolderSpec = 10;
			files = (
				C9855E192007D1A70005EC79 /* DeltaCore.framework in Embed Frameworks */,
				C9855E272007D2C70005EC79 /* GBADeltaCore.framework in Embed Frameworks */,
			);
			name = "Embed Frameworks";
			runOnlyForDeploymentPostprocessing = 0;
		};
/* End PBXCopyFilesBuildPhase section */

/* Begin PBXFileReference section */
		29789E57FAA7D69FBE0AA936 /* Pods-Delta.release.xcconfig */ = {isa = PBXFileReference; includeInIndex = 1; lastKnownFileType = text.xcconfig; name = "Pods-Delta.release.xcconfig"; path = "Pods/Target Support Files/Pods-Delta/Pods-Delta.release.xcconfig"; sourceTree = "<group>"; };
		6C3110E27BD7F7F8C505C99D /* Pods-Delta.debug.xcconfig */ = {isa = PBXFileReference; includeInIndex = 1; lastKnownFileType = text.xcconfig; name = "Pods-Delta.debug.xcconfig"; path = "Pods/Target Support Files/Pods-Delta/Pods-Delta.debug.xcconfig"; sourceTree = "<group>"; };
		C905CE4420093A4A008F9798 /* OpenVGDB.swift */ = {isa = PBXFileReference; lastKnownFileType = sourcecode.swift; path = OpenVGDB.swift; sourceTree = "<group>"; };
		C94160CC2007EA5B008E30C1 /* GameCell.swift */ = {isa = PBXFileReference; lastKnownFileType = sourcecode.swift; path = GameCell.swift; sourceTree = "<group>"; };
		C94160CE2007F4A1008E30C1 /* UIView.swift */ = {isa = PBXFileReference; lastKnownFileType = sourcecode.swift; path = UIView.swift; sourceTree = "<group>"; };
		C94160D32007F9E4008E30C1 /* Delta.xcdatamodel */ = {isa = PBXFileReference; lastKnownFileType = wrapper.xcdatamodel; path = Delta.xcdatamodel; sourceTree = "<group>"; };
		C94EDD79200A340E004230B9 /* Super Mario Advance 2 - Super Mario World (U) [!].gba */ = {isa = PBXFileReference; lastKnownFileType = file; path = "Super Mario Advance 2 - Super Mario World (U) [!].gba"; sourceTree = "<group>"; };
		C94EDD7B200A3DF1004230B9 /* DataController.swift */ = {isa = PBXFileReference; lastKnownFileType = sourcecode.swift; path = DataController.swift; sourceTree = "<group>"; };
		C94EDD7D200A43D7004230B9 /* GameLibraryController.swift */ = {isa = PBXFileReference; lastKnownFileType = sourcecode.swift; path = GameLibraryController.swift; sourceTree = "<group>"; };
		C957492C200937D000E2328A /* openvgdb.sqlite */ = {isa = PBXFileReference; lastKnownFileType = file; path = openvgdb.sqlite; sourceTree = "<group>"; };
		C957492E2009382100E2328A /* Pokemon - Fire Red Version (U) (V1.1).gba */ = {isa = PBXFileReference; lastKnownFileType = file; path = "Pokemon - Fire Red Version (U) (V1.1).gba"; sourceTree = "<group>"; };
		C9855DF92007CF240005EC79 /* Delta.app */ = {isa = PBXFileReference; explicitFileType = wrapper.application; includeInIndex = 0; path = Delta.app; sourceTree = BUILT_PRODUCTS_DIR; };
		C9855DFC2007CF240005EC79 /* AppDelegate.swift */ = {isa = PBXFileReference; lastKnownFileType = sourcecode.swift; path = AppDelegate.swift; sourceTree = "<group>"; };
		C9855DFE2007CF240005EC79 /* GameCollectionViewController.swift */ = {isa = PBXFileReference; lastKnownFileType = sourcecode.swift; path = GameCollectionViewController.swift; sourceTree = "<group>"; };
		C9855E032007CF240005EC79 /* Assets.xcassets */ = {isa = PBXFileReference; lastKnownFileType = folder.assetcatalog; path = Assets.xcassets; sourceTree = "<group>"; };
		C9855E062007CF240005EC79 /* Base */ = {isa = PBXFileReference; lastKnownFileType = file.storyboard; name = Base; path = Base.lproj/LaunchScreen.storyboard; sourceTree = "<group>"; };
		C9855E082007CF240005EC79 /* Info.plist */ = {isa = PBXFileReference; lastKnownFileType = text.plist.xml; path = Info.plist; sourceTree = "<group>"; };
		C9855E112007D1840005EC79 /* DeltaCore.xcodeproj */ = {isa = PBXFileReference; lastKnownFileType = "wrapper.pb-project"; name = DeltaCore.xcodeproj; path = External/DeltaCore/DeltaCore.xcodeproj; sourceTree = "<group>"; };
		C9855E1D2007D2BA0005EC79 /* GBADeltaCore.xcodeproj */ = {isa = PBXFileReference; lastKnownFileType = "wrapper.pb-project"; name = GBADeltaCore.xcodeproj; path = External/GBADeltaCore/GBADeltaCore.xcodeproj; sourceTree = "<group>"; };
		F1EE83BE917A0B1A11A09481 /* Pods_Delta.framework */ = {isa = PBXFileReference; explicitFileType = wrapper.framework; includeInIndex = 0; path = Pods_Delta.framework; sourceTree = BUILT_PRODUCTS_DIR; };
/* End PBXFileReference section */

/* Begin PBXFrameworksBuildPhase section */
		C9855DF62007CF240005EC79 /* Frameworks */ = {
			isa = PBXFrameworksBuildPhase;
			buildActionMask = 2147483647;
			files = (
				C9855E182007D1A70005EC79 /* DeltaCore.framework in Frameworks */,
				C9855E262007D2C70005EC79 /* GBADeltaCore.framework in Frameworks */,
				E5918415B879B1BE7FCBAD7F /* Pods_Delta.framework in Frameworks */,
			);
			runOnlyForDeploymentPostprocessing = 0;
		};
/* End PBXFrameworksBuildPhase section */

/* Begin PBXGroup section */
		2FA68F351C22074F1C28DD29 /* Pods */ = {
			isa = PBXGroup;
			children = (
				6C3110E27BD7F7F8C505C99D /* Pods-Delta.debug.xcconfig */,
				29789E57FAA7D69FBE0AA936 /* Pods-Delta.release.xcconfig */,
			);
			name = Pods;
			sourceTree = "<group>";
		};
		C905CE402009399B008F9798 /* Controllers */ = {
			isa = PBXGroup;
			children = (
				C9855DFE2007CF240005EC79 /* GameCollectionViewController.swift */,
			);
			path = Controllers;
			sourceTree = "<group>";
		};
		C94160D02007F5A3008E30C1 /* Extensions */ = {
			isa = PBXGroup;
			children = (
				C94160CE2007F4A1008E30C1 /* UIView.swift */,
			);
			path = Extensions;
			sourceTree = "<group>";
		};
		C94160D12007F5D9008E30C1 /* Views */ = {
			isa = PBXGroup;
			children = (
				C94160CC2007EA5B008E30C1 /* GameCell.swift */,
			);
			path = Views;
			sourceTree = "<group>";
		};
		C957492D200937D300E2328A /* OpenVGDB */ = {
			isa = PBXGroup;
			children = (
				C905CE4420093A4A008F9798 /* OpenVGDB.swift */,
				C957492C200937D000E2328A /* openvgdb.sqlite */,
			);
			path = OpenVGDB;
			sourceTree = "<group>";
		};
		C957492F2009382700E2328A /* ROMS */ = {
			isa = PBXGroup;
			children = (
				C94EDD79200A340E004230B9 /* Super Mario Advance 2 - Super Mario World (U) [!].gba */,
				C957492E2009382100E2328A /* Pokemon - Fire Red Version (U) (V1.1).gba */,
			);
			path = ROMS;
			sourceTree = "<group>";
		};
		C9855DF02007CF240005EC79 = {
			isa = PBXGroup;
			children = (
				C9855DFB2007CF240005EC79 /* Delta */,
				C9855DFA2007CF240005EC79 /* Products */,
				2FA68F351C22074F1C28DD29 /* Pods */,
				EB9F0E811FBA81A1135EADBE /* Frameworks */,
				C9855E112007D1840005EC79 /* DeltaCore.xcodeproj */,
				C9855E1D2007D2BA0005EC79 /* GBADeltaCore.xcodeproj */,
			);
			sourceTree = "<group>";
		};
		C9855DFA2007CF240005EC79 /* Products */ = {
			isa = PBXGroup;
			children = (
				C9855DF92007CF240005EC79 /* Delta.app */,
			);
			name = Products;
			sourceTree = "<group>";
		};
		C9855DFB2007CF240005EC79 /* Delta */ = {
			isa = PBXGroup;
			children = (
				C9855DFC2007CF240005EC79 /* AppDelegate.swift */,
				C94160D12007F5D9008E30C1 /* Views */,
				C905CE402009399B008F9798 /* Controllers */,
				C94160D02007F5A3008E30C1 /* Extensions */,
				C957492D200937D300E2328A /* OpenVGDB */,
				C957492F2009382700E2328A /* ROMS */,
				C94EDD7D200A43D7004230B9 /* GameLibraryController.swift */,
				C94EDD7B200A3DF1004230B9 /* DataController.swift */,
				C94160D22007F9E4008E30C1 /* Delta.xcdatamodeld */,
				C9855E032007CF240005EC79 /* Assets.xcassets */,
				C9855E052007CF240005EC79 /* LaunchScreen.storyboard */,
				C9855E082007CF240005EC79 /* Info.plist */,
			);
			path = Delta;
			sourceTree = "<group>";
		};
		C9855E122007D1840005EC79 /* Products */ = {
			isa = PBXGroup;
			children = (
				C9855E172007D1840005EC79 /* DeltaCore.framework */,
			);
			name = Products;
			sourceTree = "<group>";
		};
		C9855E1E2007D2BA0005EC79 /* Products */ = {
			isa = PBXGroup;
			children = (
				C9855E232007D2BA0005EC79 /* GBADeltaCore.framework */,
				C9855E252007D2BA0005EC79 /* libVBA-M.a */,
			);
			name = Products;
			sourceTree = "<group>";
		};
		EB9F0E811FBA81A1135EADBE /* Frameworks */ = {
			isa = PBXGroup;
			children = (
				F1EE83BE917A0B1A11A09481 /* Pods_Delta.framework */,
			);
			name = Frameworks;
			sourceTree = "<group>";
		};
/* End PBXGroup section */

/* Begin PBXNativeTarget section */
		C9855DF82007CF240005EC79 /* Delta */ = {
			isa = PBXNativeTarget;
			buildConfigurationList = C9855E0B2007CF240005EC79 /* Build configuration list for PBXNativeTarget "Delta" */;
			buildPhases = (
				40405949947643D0BC12815B /* [CP] Check Pods Manifest.lock */,
				C9855DF52007CF240005EC79 /* Sources */,
				C9855DF62007CF240005EC79 /* Frameworks */,
				C9855DF72007CF240005EC79 /* Resources */,
				C9855E1C2007D1A80005EC79 /* Embed Frameworks */,
				EBA7335A16BE92B5183C02CD /* [CP] Embed Pods Frameworks */,
				472147CDC551BBE432610192 /* [CP] Copy Pods Resources */,
			);
			buildRules = (
			);
			dependencies = (
				C9855E1B2007D1A70005EC79 /* PBXTargetDependency */,
				C9855E292007D2C70005EC79 /* PBXTargetDependency */,
			);
			name = Delta;
			productName = Delta;
			productReference = C9855DF92007CF240005EC79 /* Delta.app */;
			productType = "com.apple.product-type.application";
		};
/* End PBXNativeTarget section */

/* Begin PBXProject section */
		C9855DF12007CF240005EC79 /* Project object */ = {
			isa = PBXProject;
			attributes = {
				LastSwiftUpdateCheck = 0920;
				LastUpgradeCheck = 0920;
				ORGANIZATIONNAME = "Dino Constantinou";
				TargetAttributes = {
					C9855DF82007CF240005EC79 = {
						CreatedOnToolsVersion = 9.2;
						ProvisioningStyle = Automatic;
					};
				};
			};
			buildConfigurationList = C9855DF42007CF240005EC79 /* Build configuration list for PBXProject "Delta" */;
			compatibilityVersion = "Xcode 8.0";
			developmentRegion = en;
			hasScannedForEncodings = 0;
			knownRegions = (
				en,
				Base,
			);
			mainGroup = C9855DF02007CF240005EC79;
			productRefGroup = C9855DFA2007CF240005EC79 /* Products */;
			projectDirPath = "";
			projectReferences = (
				{
					ProductGroup = C9855E122007D1840005EC79 /* Products */;
					ProjectRef = C9855E112007D1840005EC79 /* DeltaCore.xcodeproj */;
				},
				{
					ProductGroup = C9855E1E2007D2BA0005EC79 /* Products */;
					ProjectRef = C9855E1D2007D2BA0005EC79 /* GBADeltaCore.xcodeproj */;
				},
			);
			projectRoot = "";
			targets = (
				C9855DF82007CF240005EC79 /* Delta */,
			);
		};
/* End PBXProject section */

/* Begin PBXReferenceProxy section */
		C9855E172007D1840005EC79 /* DeltaCore.framework */ = {
			isa = PBXReferenceProxy;
			fileType = wrapper.framework;
			path = DeltaCore.framework;
			remoteRef = C9855E162007D1840005EC79 /* PBXContainerItemProxy */;
			sourceTree = BUILT_PRODUCTS_DIR;
		};
		C9855E232007D2BA0005EC79 /* GBADeltaCore.framework */ = {
			isa = PBXReferenceProxy;
			fileType = wrapper.framework;
			path = GBADeltaCore.framework;
			remoteRef = C9855E222007D2BA0005EC79 /* PBXContainerItemProxy */;
			sourceTree = BUILT_PRODUCTS_DIR;
		};
		C9855E252007D2BA0005EC79 /* libVBA-M.a */ = {
			isa = PBXReferenceProxy;
			fileType = archive.ar;
			path = "libVBA-M.a";
			remoteRef = C9855E242007D2BA0005EC79 /* PBXContainerItemProxy */;
			sourceTree = BUILT_PRODUCTS_DIR;
		};
/* End PBXReferenceProxy section */

/* Begin PBXResourcesBuildPhase section */
		C9855DF72007CF240005EC79 /* Resources */ = {
			isa = PBXResourcesBuildPhase;
			buildActionMask = 2147483647;
			files = (
				C9855E072007CF240005EC79 /* LaunchScreen.storyboard in Resources */,
				C9855E042007CF240005EC79 /* Assets.xcassets in Resources */,
				C905CE4720093DBA008F9798 /* openvgdb.sqlite in Resources */,
				C94EDD75200A32CC004230B9 /* Pokemon - Fire Red Version (U) (V1.1).gba in Resources */,
				C94EDD7A200A35DB004230B9 /* Super Mario Advance 2 - Super Mario World (U) [!].gba in Resources */,
			);
			runOnlyForDeploymentPostprocessing = 0;
		};
/* End PBXResourcesBuildPhase section */

/* Begin PBXShellScriptBuildPhase section */
		40405949947643D0BC12815B /* [CP] Check Pods Manifest.lock */ = {
			isa = PBXShellScriptBuildPhase;
			buildActionMask = 2147483647;
			files = (
			);
			inputPaths = (
				"${PODS_PODFILE_DIR_PATH}/Podfile.lock",
				"${PODS_ROOT}/Manifest.lock",
			);
			name = "[CP] Check Pods Manifest.lock";
			outputPaths = (
				"$(DERIVED_FILE_DIR)/Pods-Delta-checkManifestLockResult.txt",
			);
			runOnlyForDeploymentPostprocessing = 0;
			shellPath = /bin/sh;
			shellScript = "diff \"${PODS_PODFILE_DIR_PATH}/Podfile.lock\" \"${PODS_ROOT}/Manifest.lock\" > /dev/null\nif [ $? != 0 ] ; then\n    # print error to STDERR\n    echo \"error: The sandbox is not in sync with the Podfile.lock. Run 'pod install' or update your CocoaPods installation.\" >&2\n    exit 1\nfi\n# This output is used by Xcode 'outputs' to avoid re-running this script phase.\necho \"SUCCESS\" > \"${SCRIPT_OUTPUT_FILE_0}\"\n";
			showEnvVarsInLog = 0;
		};
		472147CDC551BBE432610192 /* [CP] Copy Pods Resources */ = {
			isa = PBXShellScriptBuildPhase;
			buildActionMask = 2147483647;
			files = (
			);
			inputPaths = (
			);
			name = "[CP] Copy Pods Resources";
			outputPaths = (
			);
			runOnlyForDeploymentPostprocessing = 0;
			shellPath = /bin/sh;
			shellScript = "\"${SRCROOT}/Pods/Target Support Files/Pods-Delta/Pods-Delta-resources.sh\"\n";
			showEnvVarsInLog = 0;
		};
		EBA7335A16BE92B5183C02CD /* [CP] Embed Pods Frameworks */ = {
			isa = PBXShellScriptBuildPhase;
			buildActionMask = 2147483647;
			files = (
			);
			inputPaths = (
				"${SRCROOT}/Pods/Target Support Files/Pods-Delta/Pods-Delta-frameworks.sh",
				"${BUILT_PRODUCTS_DIR}/CommonCryptoModule/CommonCryptoModule.framework",
				"${BUILT_PRODUCTS_DIR}/RxCocoa/RxCocoa.framework",
				"${BUILT_PRODUCTS_DIR}/RxCoreData/RxCoreData.framework",
				"${BUILT_PRODUCTS_DIR}/RxSwift/RxSwift.framework",
				"${BUILT_PRODUCTS_DIR}/SQLite.swift/SQLite.framework",
			);
			name = "[CP] Embed Pods Frameworks";
			outputPaths = (
				"${TARGET_BUILD_DIR}/${FRAMEWORKS_FOLDER_PATH}/CommonCryptoModule.framework",
				"${TARGET_BUILD_DIR}/${FRAMEWORKS_FOLDER_PATH}/RxCocoa.framework",
				"${TARGET_BUILD_DIR}/${FRAMEWORKS_FOLDER_PATH}/RxCoreData.framework",
				"${TARGET_BUILD_DIR}/${FRAMEWORKS_FOLDER_PATH}/RxSwift.framework",
				"${TARGET_BUILD_DIR}/${FRAMEWORKS_FOLDER_PATH}/SQLite.framework",
			);
			runOnlyForDeploymentPostprocessing = 0;
			shellPath = /bin/sh;
			shellScript = "\"${SRCROOT}/Pods/Target Support Files/Pods-Delta/Pods-Delta-frameworks.sh\"\n";
			showEnvVarsInLog = 0;
		};
/* End PBXShellScriptBuildPhase section */

/* Begin PBXSourcesBuildPhase section */
		C9855DF52007CF240005EC79 /* Sources */ = {
			isa = PBXSourcesBuildPhase;
			buildActionMask = 2147483647;
			files = (
				C94EDD7C200A3DF1004230B9 /* DataController.swift in Sources */,
				C905CE4520093A4A008F9798 /* OpenVGDB.swift in Sources */,
				C94160CF2007F4A1008E30C1 /* UIView.swift in Sources */,
				C94EDD7E200A43D7004230B9 /* GameLibraryController.swift in Sources */,
				C94160D42007F9E4008E30C1 /* Delta.xcdatamodeld in Sources */,
				C9855DFF2007CF240005EC79 /* GameCollectionViewController.swift in Sources */,
				C9855DFD2007CF240005EC79 /* AppDelegate.swift in Sources */,
				C94160CD2007EA5B008E30C1 /* GameCell.swift in Sources */,
			);
			runOnlyForDeploymentPostprocessing = 0;
		};
/* End PBXSourcesBuildPhase section */

/* Begin PBXTargetDependency section */
		C9855E1B2007D1A70005EC79 /* PBXTargetDependency */ = {
			isa = PBXTargetDependency;
			name = DeltaCore;
			targetProxy = C9855E1A2007D1A70005EC79 /* PBXContainerItemProxy */;
		};
		C9855E292007D2C70005EC79 /* PBXTargetDependency */ = {
			isa = PBXTargetDependency;
			name = GBADeltaCore;
			targetProxy = C9855E282007D2C70005EC79 /* PBXContainerItemProxy */;
		};
/* End PBXTargetDependency section */

/* Begin PBXVariantGroup section */
		C9855E052007CF240005EC79 /* LaunchScreen.storyboard */ = {
			isa = PBXVariantGroup;
			children = (
				C9855E062007CF240005EC79 /* Base */,
			);
			name = LaunchScreen.storyboard;
			sourceTree = "<group>";
		};
/* End PBXVariantGroup section */

/* Begin XCBuildConfiguration section */
		C9855E092007CF240005EC79 /* Debug */ = {
			isa = XCBuildConfiguration;
			buildSettings = {
				ALWAYS_SEARCH_USER_PATHS = NO;
				CLANG_ANALYZER_NONNULL = YES;
				CLANG_ANALYZER_NUMBER_OBJECT_CONVERSION = YES_AGGRESSIVE;
				CLANG_CXX_LANGUAGE_STANDARD = "gnu++14";
				CLANG_CXX_LIBRARY = "libc++";
				CLANG_ENABLE_MODULES = YES;
				CLANG_ENABLE_OBJC_ARC = YES;
				CLANG_WARN_BLOCK_CAPTURE_AUTORELEASING = YES;
				CLANG_WARN_BOOL_CONVERSION = YES;
				CLANG_WARN_COMMA = YES;
				CLANG_WARN_CONSTANT_CONVERSION = YES;
				CLANG_WARN_DIRECT_OBJC_ISA_USAGE = YES_ERROR;
				CLANG_WARN_DOCUMENTATION_COMMENTS = YES;
				CLANG_WARN_EMPTY_BODY = YES;
				CLANG_WARN_ENUM_CONVERSION = YES;
				CLANG_WARN_INFINITE_RECURSION = YES;
				CLANG_WARN_INT_CONVERSION = YES;
				CLANG_WARN_NON_LITERAL_NULL_CONVERSION = YES;
				CLANG_WARN_OBJC_LITERAL_CONVERSION = YES;
				CLANG_WARN_OBJC_ROOT_CLASS = YES_ERROR;
				CLANG_WARN_RANGE_LOOP_ANALYSIS = YES;
				CLANG_WARN_STRICT_PROTOTYPES = YES;
				CLANG_WARN_SUSPICIOUS_MOVE = YES;
				CLANG_WARN_UNGUARDED_AVAILABILITY = YES_AGGRESSIVE;
				CLANG_WARN_UNREACHABLE_CODE = YES;
				CLANG_WARN__DUPLICATE_METHOD_MATCH = YES;
				CODE_SIGN_IDENTITY = "iPhone Developer";
				COPY_PHASE_STRIP = NO;
				DEBUG_INFORMATION_FORMAT = dwarf;
				ENABLE_STRICT_OBJC_MSGSEND = YES;
				ENABLE_TESTABILITY = YES;
				GCC_C_LANGUAGE_STANDARD = gnu11;
				GCC_DYNAMIC_NO_PIC = NO;
				GCC_NO_COMMON_BLOCKS = YES;
				GCC_OPTIMIZATION_LEVEL = 0;
				GCC_PREPROCESSOR_DEFINITIONS = (
					"DEBUG=1",
					"$(inherited)",
				);
				GCC_WARN_64_TO_32_BIT_CONVERSION = YES;
				GCC_WARN_ABOUT_RETURN_TYPE = YES_ERROR;
				GCC_WARN_UNDECLARED_SELECTOR = YES;
				GCC_WARN_UNINITIALIZED_AUTOS = YES_AGGRESSIVE;
				GCC_WARN_UNUSED_FUNCTION = YES;
				GCC_WARN_UNUSED_VARIABLE = YES;
				IPHONEOS_DEPLOYMENT_TARGET = 11.2;
				MTL_ENABLE_DEBUG_INFO = YES;
				ONLY_ACTIVE_ARCH = YES;
				SDKROOT = iphoneos;
				SWIFT_ACTIVE_COMPILATION_CONDITIONS = DEBUG;
				SWIFT_OPTIMIZATION_LEVEL = "-Onone";
			};
			name = Debug;
		};
		C9855E0A2007CF240005EC79 /* Release */ = {
			isa = XCBuildConfiguration;
			buildSettings = {
				ALWAYS_SEARCH_USER_PATHS = NO;
				CLANG_ANALYZER_NONNULL = YES;
				CLANG_ANALYZER_NUMBER_OBJECT_CONVERSION = YES_AGGRESSIVE;
				CLANG_CXX_LANGUAGE_STANDARD = "gnu++14";
				CLANG_CXX_LIBRARY = "libc++";
				CLANG_ENABLE_MODULES = YES;
				CLANG_ENABLE_OBJC_ARC = YES;
				CLANG_WARN_BLOCK_CAPTURE_AUTORELEASING = YES;
				CLANG_WARN_BOOL_CONVERSION = YES;
				CLANG_WARN_COMMA = YES;
				CLANG_WARN_CONSTANT_CONVERSION = YES;
				CLANG_WARN_DIRECT_OBJC_ISA_USAGE = YES_ERROR;
				CLANG_WARN_DOCUMENTATION_COMMENTS = YES;
				CLANG_WARN_EMPTY_BODY = YES;
				CLANG_WARN_ENUM_CONVERSION = YES;
				CLANG_WARN_INFINITE_RECURSION = YES;
				CLANG_WARN_INT_CONVERSION = YES;
				CLANG_WARN_NON_LITERAL_NULL_CONVERSION = YES;
				CLANG_WARN_OBJC_LITERAL_CONVERSION = YES;
				CLANG_WARN_OBJC_ROOT_CLASS = YES_ERROR;
				CLANG_WARN_RANGE_LOOP_ANALYSIS = YES;
				CLANG_WARN_STRICT_PROTOTYPES = YES;
				CLANG_WARN_SUSPICIOUS_MOVE = YES;
				CLANG_WARN_UNGUARDED_AVAILABILITY = YES_AGGRESSIVE;
				CLANG_WARN_UNREACHABLE_CODE = YES;
				CLANG_WARN__DUPLICATE_METHOD_MATCH = YES;
				CODE_SIGN_IDENTITY = "iPhone Developer";
				COPY_PHASE_STRIP = NO;
				DEBUG_INFORMATION_FORMAT = "dwarf-with-dsym";
				ENABLE_NS_ASSERTIONS = NO;
				ENABLE_STRICT_OBJC_MSGSEND = YES;
				GCC_C_LANGUAGE_STANDARD = gnu11;
				GCC_NO_COMMON_BLOCKS = YES;
				GCC_WARN_64_TO_32_BIT_CONVERSION = YES;
				GCC_WARN_ABOUT_RETURN_TYPE = YES_ERROR;
				GCC_WARN_UNDECLARED_SELECTOR = YES;
				GCC_WARN_UNINITIALIZED_AUTOS = YES_AGGRESSIVE;
				GCC_WARN_UNUSED_FUNCTION = YES;
				GCC_WARN_UNUSED_VARIABLE = YES;
				IPHONEOS_DEPLOYMENT_TARGET = 11.2;
				MTL_ENABLE_DEBUG_INFO = NO;
				SDKROOT = iphoneos;
				SWIFT_OPTIMIZATION_LEVEL = "-Owholemodule";
				VALIDATE_PRODUCT = YES;
			};
			name = Release;
		};
		C9855E0C2007CF240005EC79 /* Debug */ = {
			isa = XCBuildConfiguration;
			baseConfigurationReference = 6C3110E27BD7F7F8C505C99D /* Pods-Delta.debug.xcconfig */;
			buildSettings = {
				ALWAYS_EMBED_SWIFT_STANDARD_LIBRARIES = YES;
				ASSETCATALOG_COMPILER_APPICON_NAME = AppIcon;
				CODE_SIGN_STYLE = Automatic;
				DEVELOPMENT_TEAM = 2ZNZ7JR46X;
				FRAMEWORK_SEARCH_PATHS = (
					"$(inherited)",
					"\"$PODS_CONFIGURATION_BUILD_DIR/Alamofire\"",
					"\"$PODS_CONFIGURATION_BUILD_DIR/Moya\"",
					"\"$PODS_CONFIGURATION_BUILD_DIR/Result\"",
					"\"$PODS_CONFIGURATION_BUILD_DIR/RxCocoa\"",
					"\"$PODS_CONFIGURATION_BUILD_DIR/RxSwift\"",
				);
				HEADER_SEARCH_PATHS = "";
				INFOPLIST_FILE = Delta/Info.plist;
				LD_RUNPATH_SEARCH_PATHS = "$(inherited) @executable_path/Frameworks";
				PRODUCT_BUNDLE_IDENTIFIER = com.dinoconstantinou.Delta;
				PRODUCT_NAME = "$(TARGET_NAME)";
				SWIFT_VERSION = 4.0;
				TARGETED_DEVICE_FAMILY = "1,2";
			};
			name = Debug;
		};
		C9855E0D2007CF240005EC79 /* Release */ = {
			isa = XCBuildConfiguration;
			baseConfigurationReference = 29789E57FAA7D69FBE0AA936 /* Pods-Delta.release.xcconfig */;
			buildSettings = {
				ALWAYS_EMBED_SWIFT_STANDARD_LIBRARIES = YES;
				ASSETCATALOG_COMPILER_APPICON_NAME = AppIcon;
				CODE_SIGN_STYLE = Automatic;
				DEVELOPMENT_TEAM = 2ZNZ7JR46X;
				FRAMEWORK_SEARCH_PATHS = (
					"$(inherited)",
					"\"$PODS_CONFIGURATION_BUILD_DIR/Alamofire\"",
					"\"$PODS_CONFIGURATION_BUILD_DIR/Moya\"",
					"\"$PODS_CONFIGURATION_BUILD_DIR/Result\"",
					"\"$PODS_CONFIGURATION_BUILD_DIR/RxCocoa\"",
					"\"$PODS_CONFIGURATION_BUILD_DIR/RxSwift\"",
				);
				HEADER_SEARCH_PATHS = "";
				INFOPLIST_FILE = Delta/Info.plist;
				LD_RUNPATH_SEARCH_PATHS = "$(inherited) @executable_path/Frameworks";
				PRODUCT_BUNDLE_IDENTIFIER = com.dinoconstantinou.Delta;
				PRODUCT_NAME = "$(TARGET_NAME)";
				SWIFT_VERSION = 4.0;
				TARGETED_DEVICE_FAMILY = "1,2";
			};
			name = Release;
		};
/* End XCBuildConfiguration section */

/* Begin XCConfigurationList section */
		C9855DF42007CF240005EC79 /* Build configuration list for PBXProject "Delta" */ = {
			isa = XCConfigurationList;
			buildConfigurations = (
				C9855E092007CF240005EC79 /* Debug */,
				C9855E0A2007CF240005EC79 /* Release */,
			);
			defaultConfigurationIsVisible = 0;
			defaultConfigurationName = Release;
		};
		C9855E0B2007CF240005EC79 /* Build configuration list for PBXNativeTarget "Delta" */ = {
			isa = XCConfigurationList;
			buildConfigurations = (
				C9855E0C2007CF240005EC79 /* Debug */,
				C9855E0D2007CF240005EC79 /* Release */,
			);
			defaultConfigurationIsVisible = 0;
			defaultConfigurationName = Release;
		};
/* End XCConfigurationList section */

/* Begin XCVersionGroup section */
		C94160D22007F9E4008E30C1 /* Delta.xcdatamodeld */ = {
			isa = XCVersionGroup;
			children = (
				C94160D32007F9E4008E30C1 /* Delta.xcdatamodel */,
			);
			currentVersion = C94160D32007F9E4008E30C1 /* Delta.xcdatamodel */;
			path = Delta.xcdatamodeld;
			sourceTree = "<group>";
			versionGroupType = wrapper.xcdatamodel;
		};
/* End XCVersionGroup section */
	};
	rootObject = C9855DF12007CF240005EC79 /* Project object */;
}
